hash: ecc57bf873ca4ce4295146be54026c50272f5ac2062dfdc6a3f341b9080c47b2
updated: 2016-12-23T18:31:59.172800934+02:00
imports:
- name: github.com/astaxie/beego
  version: 90999717dda6193c6f970eec52e289b0a9e74998
  subpackages:
  - config
  - context
  - grace
  - logs
  - session
  - toolbox
  - utils
- name: github.com/jinzhu/gorm
  version: 5174cc5c242a728b435ea2be8a2f7f998e15429b
- name: github.com/jinzhu/inflection
  version: 74387dc39a75e970e7a3ae6a3386b5bd2e5c5cff
- name: github.com/lib/pq
  version: 4a82388ebc5138c8289fe9bc602cb0b3e32cd617
- name: github.com/neelance/graphql-go
  version: 191422c4ccf1fef693582e7f18bc263e6f2e09d2
  subpackages:
  - errors
  - internal/common
  - internal/exec
  - internal/lexer
  - internal/query
  - internal/schema
- name: github.com/opentracing/opentracing-go
  version: ac5446f53f2c0fc68dc16dc5f426eae1cd288b34
  subpackages:
  - ext
  - log
- name: github.com/pkg/errors
  version: 248dadf4e9068a0b3e79f02ed0a610d935de5302
- name: golang.org/x/net
  version: cfae461cedfdcab6e261a26eb77db53695623303
  subpackages:
  - context
testImports:
- name: github.com/gopherjs/gopherjs
  version: db2cfff3878815d744fb4a4bd07cba0596eaf2a5
  subpackages:
  - js
- name: github.com/jtolds/gls
  version: 8ddce2a84170772b95dd5d576c48d517b22cac63
- name: github.com/smartystreets/assertions
  version: 26acb9229f421449ac63d014995b282d59261a8b
  subpackages:
  - internal/go-render/render
  - internal/oglematchers
- name: github.com/smartystreets/goconvey
  version: d4c757aa9afd1e2fc1832aaab209b5794eb336e1
  subpackages:
  - convey
  - convey/gotest
  - convey/reporting
